
Microsoft Visual Studio Solution File, Format Version 12.00
# Visual Studio Version 16
VisualStudioVersion = 16.0.29728.190
MinimumVisualStudioVersion = 10.0.40219.1
Project("{9A19103F-16F7-4668-BE54-9A1E7A4F7556}") = "WpfApp1", "WpfApp1\WpfApp1.csproj", "{67A48438-A693-4DCB-B15D-1F570F306303}"
EndProject
Global
	GlobalSection(SolutionConfigurationPlatforms) = preSolution
		Debug|Any CPU = Debug|Any CPU
		Release|Any CPU = Release|Any CPU
	EndGlobalSection
	GlobalSection(ProjectConfigurationPlatforms) = postSolution
		{67A48438-A693-4DCB-B15D-1F570F306303}.Debug|Any CPU.ActiveCfg = Debug|Any CPU
		{67A48438-A693-4DCB-B15D-1F570F306303}.Debug|Any CPU.Build.0 = Debug|Any CPU
		{67A48438-A693-4DCB-B15D-1F570F306303}.Release|Any CPU.ActiveCfg = Release|Any CPU
		{67A48438-A693-4DCB-B15D-1F570F306303}.Release|Any CPU.Build.0 = Release|Any CPU
	EndGlobalSection
	GlobalSection(SolutionProperties) = preSolution
		HideSolutionNode = FALSE
	EndGlobalSection
	GlobalSection(ExtensibilityGlobals) = postSolution
		SolutionGuid = {E52E7E18-F2F6-407D-9AC6-5AE74C72C37A}
	EndGlobalSection
EndGlobal
